
Microsoft Visual Studio Solution File, Format Version 12.00
# Visual Studio Version 17
VisualStudioVersion = 17.4.33110.190
MinimumVisualStudioVersion = 10.0.40219.1
Project("{9A19103F-16F7-4668-BE54-9A1E7A4F7556}") = "VasilekCerozhka", "VasilekCerozhka\VasilekCerozhka.csproj", "{F5077769-4A8C-4280-8A8E-816A4A5C7EDF}"
EndProject
Project("{2150E333-8FDC-42A3-9474-1A3956D46DE8}") = "Geteway", "Geteway", "{2E3D5D3C-FF65-4FC8-BCF2-AD9B500B080F}"
EndProject
Project("{FAE04EC0-301F-11D3-BF4B-00C04F79EFBC}") = "VasilekCerozhka.GetewaySolution", "VasilekCerozhka.GetewaySolution\VasilekCerozhka.GetewaySolution.csproj", "{49BB8E1C-A665-4F60-B5CD-08D33D7C4415}"
EndProject
Global
	GlobalSection(SolutionConfigurationPlatforms) = preSolution
		Debug|Any CPU = Debug|Any CPU
		Release|Any CPU = Release|Any CPU
	EndGlobalSection
	GlobalSection(ProjectConfigurationPlatforms) = postSolution
		{F5077769-4A8C-4280-8A8E-816A4A5C7EDF}.Debug|Any CPU.ActiveCfg = Debug|Any CPU
		{F5077769-4A8C-4280-8A8E-816A4A5C7EDF}.Debug|Any CPU.Build.0 = Debug|Any CPU
		{F5077769-4A8C-4280-8A8E-816A4A5C7EDF}.Release|Any CPU.ActiveCfg = Release|Any CPU
		{F5077769-4A8C-4280-8A8E-816A4A5C7EDF}.Release|Any CPU.Build.0 = Release|Any CPU
		{49BB8E1C-A665-4F60-B5CD-08D33D7C4415}.Debug|Any CPU.ActiveCfg = Debug|Any CPU
		{49BB8E1C-A665-4F60-B5CD-08D33D7C4415}.Debug|Any CPU.Build.0 = Debug|Any CPU
		{49BB8E1C-A665-4F60-B5CD-08D33D7C4415}.Release|Any CPU.ActiveCfg = Release|Any CPU
		{49BB8E1C-A665-4F60-B5CD-08D33D7C4415}.Release|Any CPU.Build.0 = Release|Any CPU
	EndGlobalSection
	GlobalSection(SolutionProperties) = preSolution
		HideSolutionNode = FALSE
	EndGlobalSection
	GlobalSection(NestedProjects) = preSolution
		{49BB8E1C-A665-4F60-B5CD-08D33D7C4415} = {2E3D5D3C-FF65-4FC8-BCF2-AD9B500B080F}
	EndGlobalSection
	GlobalSection(ExtensibilityGlobals) = postSolution
		SolutionGuid = {ED993B6A-B2C8-4932-A28E-39D925ADB1AA}
	EndGlobalSection
EndGlobal
